<?xml version="1.0" encoding="utf-8"?>
<Project ToolsVersion="4.0" xmlns="http://schemas.microsoft.com/developer/msbuild/2003">
  <ItemGroup>
    <Filter Include="Source Files">
      <UniqueIdentifier>{4FC737F1-C7A5-4376-A066-2A32D752A2FF}</UniqueIdentifier>
      <Extensions>cpp;c;cc;cxx;def;odl;idl;hpj;bat;asm;asmx</Extensions>
    </Filter>
    <Filter Include="Header Files">
      <UniqueIdentifier>{93995380-89BD-4b04-88EB-625FBE52EBFB}</UniqueIdentifier>
      <Extensions>h;hh;hpp;hxx;hm;inl;inc;xsd</Extensions>
    </Filter>
    <Filter Include="Resource Files">
      <UniqueIdentifier>{D9D6E242-F8AF-46E4-B9FD-80ECBC20BA3E}</UniqueIdentifier>
      <Extensions>qrc;*</Extensions>
      <ParseFiles>false</ParseFiles>
    </Filter>
    <Filter Include="Form Files">
      <UniqueIdentifier>{99349809-55BA-4b9d-BF79-8FDBB0286EB3}</UniqueIdentifier>
      <Extensions>ui</Extensions>
    </Filter>
    <Filter Include="Resource Files">
      <UniqueIdentifier>{D9D6E242-F8AF-46E4-B9FD-80ECBC20BA3E}</UniqueIdentifier>
      <Extensions>qrc;*</Extensions>
      <ParseFiles>false</ParseFiles>
    </Filter>
    <Filter Include="Generated Files">
      <UniqueIdentifier>{71ED8ED8-ACB9-4CE9-BBE1-E00B30144E11}</UniqueIdentifier>
      <Extensions>moc;h;cpp</Extensions>
      <SourceControlFiles>False</SourceControlFiles>
    </Filter>
  </ItemGroup>
  <ItemGroup>
    <QtRcc Include="UI\openchart.qrc">
      <Filter>Resource Files</Filter>
    </QtRcc>
    <QtRcc Include="UI\openchart_demo.qrc">
      <Filter>Resource Files</Filter>
    </QtRcc>
  </ItemGroup>
  <ItemGroup>
    <QtUic Include="UI\openchart.ui">
      <Filter>Form Files</Filter>
    </QtUic>
  </ItemGroup>
  <ItemGroup>
    <ResourceCompile Include="OPENCHART.rc" />
  </ItemGroup>
  <ItemGroup>
    <QtMoc Include="header\brige.h">
      <Filter>Header Files</Filter>
    </QtMoc>
    <QtMoc Include="header\commandline.h">
      <Filter>Header Files</Filter>
    </QtMoc>
    <QtMoc Include="header\sliderandlineedit.h">
      <Filter>Header Files</Filter>
    </QtMoc>
    <QtMoc Include="header\websocketclientwrapper.h">
      <Filter>Header Files</Filter>
    </QtMoc>
    <QtMoc Include="header\websockettransport.h">
      <Filter>Header Files</Filter>
    </QtMoc>
    <QtMoc Include="header\JsonObject.h">
      <Filter>Header Files</Filter>
    </QtMoc>
    <QtMoc Include="header\openchart.h">
      <Filter>Header Files</Filter>
    </QtMoc>
    <QtMoc Include="header\widgetwithtitlebar.h">
      <Filter>Header Files</Filter>
    </QtMoc>
    <QtMoc Include="header\TitleBar.h">
      <Filter>Header Files</Filter>
    </QtMoc>
    <QtMoc Include="header\ToolBar.h">
      <Filter>Header Files</Filter>
    </QtMoc>
    <QtMoc Include="header\FileModelView.h">
      <Filter>Header Files</Filter>
    </QtMoc>
    <QtMoc Include="header\LoadingWidget.h">
      <Filter>Header Files</Filter>
    </QtMoc>
    <QtMoc Include="header\openchartprivate.h">
      <Filter>Header Files</Filter>
    </QtMoc>
    <QtMoc Include="header\WebViewInNewThread.h">
      <Filter>Header Files</Filter>
    </QtMoc>
    <QtMoc Include="header\LoadFilesInThreadPool.h">
      <Filter>Header Files</Filter>
    </QtMoc>
  </ItemGroup>
  <ItemGroup>
    <ClInclude Include="header\filestream.h">
      <Filter>Header Files</Filter>
    </ClInclude>
    <ClInclude Include="header\optionindexfile.h">
      <Filter>Header Files</Filter>
    </ClInclude>
    <ClInclude Include="header\filedataprocess.h">
      <Filter>Header Files</Filter>
    </ClInclude>
    <ClInclude Include="header\Setting.h">
      <Filter>Header Files</Filter>
    </ClInclude>
    <ClInclude Include="resource.h">
      <Filter>Header Files</Filter>
    </ClInclude>
    <ClInclude Include="resource1.h">
      <Filter>Header Files</Filter>
    </ClInclude>
  </ItemGroup>
  <ItemGroup>
    <ClCompile Include="source\commandline.cpp">
      <Filter>Source Files</Filter>
    </ClCompile>
    <ClCompile Include="source\JsonObject.cpp">
      <Filter>Source Files</Filter>
    </ClCompile>
    <ClCompile Include="source\main.cpp">
      <Filter>Source Files</Filter>
    </ClCompile>
    <ClCompile Include="source\openchart.cpp">
      <Filter>Source Files</Filter>
    </ClCompile>
    <ClCompile Include="source\sliderandlineedit.cpp">
      <Filter>Source Files</Filter>
    </ClCompile>
    <ClCompile Include="source\websocketclientwrapper.cpp">
      <Filter>Source Files</Filter>
    </ClCompile>
    <ClCompile Include="source\websockettransport.cpp">
      <Filter>Source Files</Filter>
    </ClCompile>
    <ClCompile Include="source\Setting.cpp">
      <Filter>Source Files</Filter>
    </ClCompile>
    <ClCompile Include="source\widgetwithtitlebar.cpp">
      <Filter>Source Files</Filter>
    </ClCompile>
    <ClCompile Include="source\TitleBar.cpp">
      <Filter>Source Files</Filter>
    </ClCompile>
    <ClCompile Include="source\ToolBar.cpp">
      <Filter>Source Files</Filter>
    </ClCompile>
    <ClCompile Include="source\FileModelView.cpp">
      <Filter>Source Files</Filter>
    </ClCompile>
    <ClCompile Include="source\LoadingWidget.cpp">
      <Filter>Source Files</Filter>
    </ClCompile>
    <ClCompile Include="source\filedataprocess.cpp">
      <Filter>Source Files</Filter>
    </ClCompile>
    <ClCompile Include="header\openchartprivate.cpp">
      <Filter>Source Files</Filter>
    </ClCompile>
    <ClCompile Include="source\WebViewInNewThread.cpp">
      <Filter>Source Files</Filter>
    </ClCompile>
    <ClCompile Include="source\LoadFilesInThreadPool.cpp">
      <Filter>Source Files</Filter>
    </ClCompile>
  </ItemGroup>
  <ItemGroup>
    <Image Include="icon1.ico" />
    <Image Include="Resources\icon\main-32.ico" />
    <Image Include="Resources\icon\main-24.ico" />
    <Image Include="Resources\icon\main-128.ico" />
    <Image Include="resources\icon\icon4.ico" />
  </ItemGroup>
</Project>